// !$*UTF8*$!
{
	archiveVersion = 1;
	classes = {
	};
	objectVersion = 56;
	objects = {

/* Begin PBXBuildFile section */
		A1000001000000000000001 /* MenuBarStatsApp.swift in Sources */ = {isa = PBXBuildFile; fileRef = A1000002000000000000001 /* MenuBarStatsApp.swift */; };
		A1000003000000000000001 /* SystemMonitor.swift in Sources */ = {isa = PBXBuildFile; fileRef = A1000004000000000000001 /* SystemMonitor.swift */; };
		A1000007000000000000001 /* StorageMonitor.swift in Sources */ = {isa = PBXBuildFile; fileRef = A1000008000000000000001 /* StorageMonitor.swift */; };
		A1000009000000000000001 /* MemoryMonitor.swift in Sources */ = {isa = PBXBuildFile; fileRef = A1000010000000000000001 /* MemoryMonitor.swift */; };
		A1000011000000000000001 /* CPUMonitor.swift in Sources */ = {isa = PBXBuildFile; fileRef = A1000012000000000000001 /* CPUMonitor.swift */; };
		A1000013000000000000001 /* TemperatureMonitor.swift in Sources */ = {isa = PBXBuildFile; fileRef = A1000014000000000000001 /* TemperatureMonitor.swift */; };
		A1000015000000000000001 /* PortMonitor.swift in Sources */ = {isa = PBXBuildFile; fileRef = A1000016000000000000001 /* PortMonitor.swift */; };
		A1000017000000000000001 /* MenuBarView.swift in Sources */ = {isa = PBXBuildFile; fileRef = A1000018000000000000001 /* MenuBarView.swift */; };
		A1000019000000000000001 /* SettingsView.swift in Sources */ = {isa = PBXBuildFile; fileRef = A1000020000000000000001 /* SettingsView.swift */; };
		A1000021000000000000001 /* UserSettings.swift in Sources */ = {isa = PBXBuildFile; fileRef = A1000022000000000000001 /* UserSettings.swift */; };
		A77582462F1941DB00614770 /* HistoryBuffer.swift in Sources */ = {isa = PBXBuildFile; fileRef = A77582442F1941DB00614770 /* HistoryBuffer.swift */; };
		A77582472F1941DB00614770 /* StatsProvider.swift in Sources */ = {isa = PBXBuildFile; fileRef = A77582452F1941DB00614770 /* StatsProvider.swift */; };
		A775824C2F1941E700614770 /* DiskProvider.swift in Sources */ = {isa = PBXBuildFile; fileRef = A775824A2F1941E700614770 /* DiskProvider.swift */; };
		A775824D2F1941E700614770 /* GPUProvider.swift in Sources */ = {isa = PBXBuildFile; fileRef = A775824B2F1941E700614770 /* GPUProvider.swift */; };
		A775824E2F1941E700614770 /* AppleSiliconProvider.swift in Sources */ = {isa = PBXBuildFile; fileRef = A77582482F1941E700614770 /* AppleSiliconProvider.swift */; };
		A775824F2F1941E700614770 /* BatteryProvider.swift in Sources */ = {isa = PBXBuildFile; fileRef = A77582492F1941E700614770 /* BatteryProvider.swift */; };
		A77582512F1941F200614770 /* SparklineView.swift in Sources */ = {isa = PBXBuildFile; fileRef = A77582502F1941F200614770 /* SparklineView.swift */; };
		A77582542F19439600614770 /* NetworkMonitor.swift in Sources */ = {isa = PBXBuildFile; fileRef = A77582532F19439600614770 /* NetworkMonitor.swift */; };
		A77582562F1954C800614770 /* GlassComponents.swift in Sources */ = {isa = PBXBuildFile; fileRef = A77582552F1954C800614770 /* GlassComponents.swift */; };
		A775826A2F1969AB00614770 /* TestConnectionView.swift in Sources */ = {isa = PBXBuildFile; fileRef = A77582692F1969AB00614770 /* TestConnectionView.swift */; };
		A775826B2F1969AB00614770 /* HostEditView.swift in Sources */ = {isa = PBXBuildFile; fileRef = A77582662F1969AB00614770 /* HostEditView.swift */; };
		A775826C2F1969AB00614770 /* HostSelectorView.swift in Sources */ = {isa = PBXBuildFile; fileRef = A77582682F1969AB00614770 /* HostSelectorView.swift */; };
		A775826D2F1969AB00614770 /* HostManagementView.swift in Sources */ = {isa = PBXBuildFile; fileRef = A77582672F1969AB00614770 /* HostManagementView.swift */; };
		A77582702F1969C900614770 /* HostManager.swift in Sources */ = {isa = PBXBuildFile; fileRef = A775826E2F1969C900614770 /* HostManager.swift */; };
		A77582712F1969C900614770 /* StatsCoordinator.swift in Sources */ = {isa = PBXBuildFile; fileRef = A775826F2F1969C900614770 /* StatsCoordinator.swift */; };
		A77582782F1969E100614770 /* RemoteStatsClient.swift in Sources */ = {isa = PBXBuildFile; fileRef = A77582762F1969E100614770 /* RemoteStatsClient.swift */; };
		A77582792F1969E100614770 /* StatsSource.swift in Sources */ = {isa = PBXBuildFile; fileRef = A77582772F1969E100614770 /* StatsSource.swift */; };
		A775827A2F1969E100614770 /* LocalStatsSource.swift in Sources */ = {isa = PBXBuildFile; fileRef = A77582732F1969E100614770 /* LocalStatsSource.swift */; };
		A775827B2F1969E100614770 /* Host.swift in Sources */ = {isa = PBXBuildFile; fileRef = A77582722F1969E100614770 /* Host.swift */; };
		A775827C2F1969E100614770 /* RemoteLinuxStats.swift in Sources */ = {isa = PBXBuildFile; fileRef = A77582742F1969E100614770 /* RemoteLinuxStats.swift */; };
		A775827D2F1969E100614770 /* RemoteLinuxStatsSource.swift in Sources */ = {isa = PBXBuildFile; fileRef = A77582752F1969E100614770 /* RemoteLinuxStatsSource.swift */; };
		A775827F2F19703700614770 /* UnifiedStatsView.swift in Sources */ = {isa = PBXBuildFile; fileRef = A775827E2F19703700614770 /* UnifiedStatsView.swift */; };
		A77582812F19708700614770 /* StatsCoordinator.swift in Sources */ = {isa = PBXBuildFile; fileRef = A77582802F19708700614770 /* StatsCoordinator.swift */; };
/* End PBXBuildFile section */

/* Begin PBXFileReference section */
		A1000000000000000000001 /* MenuBarStats.app */ = {isa = PBXFileReference; explicitFileType = wrapper.application; includeInIndex = 0; path = MenuBarStats.app; sourceTree = BUILT_PRODUCTS_DIR; };
		A1000002000000000000001 /* MenuBarStatsApp.swift */ = {isa = PBXFileReference; lastKnownFileType = sourcecode.swift; path = MenuBarStatsApp.swift; sourceTree = "<group>"; };
		A1000004000000000000001 /* SystemMonitor.swift */ = {isa = PBXFileReference; lastKnownFileType = sourcecode.swift; path = SystemMonitor.swift; sourceTree = "<group>"; };
		A1000008000000000000001 /* StorageMonitor.swift */ = {isa = PBXFileReference; lastKnownFileType = sourcecode.swift; path = StorageMonitor.swift; sourceTree = "<group>"; };
		A1000010000000000000001 /* MemoryMonitor.swift */ = {isa = PBXFileReference; lastKnownFileType = sourcecode.swift; path = MemoryMonitor.swift; sourceTree = "<group>"; };
		A1000012000000000000001 /* CPUMonitor.swift */ = {isa = PBXFileReference; lastKnownFileType = sourcecode.swift; path = CPUMonitor.swift; sourceTree = "<group>"; };
		A1000014000000000000001 /* TemperatureMonitor.swift */ = {isa = PBXFileReference; lastKnownFileType = sourcecode.swift; path = TemperatureMonitor.swift; sourceTree = "<group>"; };
		A1000016000000000000001 /* PortMonitor.swift */ = {isa = PBXFileReference; lastKnownFileType = sourcecode.swift; path = PortMonitor.swift; sourceTree = "<group>"; };
		A1000018000000000000001 /* MenuBarView.swift */ = {isa = PBXFileReference; lastKnownFileType = sourcecode.swift; path = MenuBarView.swift; sourceTree = "<group>"; };
		A1000020000000000000001 /* SettingsView.swift */ = {isa = PBXFileReference; lastKnownFileType = sourcecode.swift; path = SettingsView.swift; sourceTree = "<group>"; };
		A1000022000000000000001 /* UserSettings.swift */ = {isa = PBXFileReference; lastKnownFileType = sourcecode.swift; path = UserSettings.swift; sourceTree = "<group>"; };
		A1000024000000000000001 /* Assets.xcassets */ = {isa = PBXFileReference; lastKnownFileType = folder.assetcatalog; path = Assets.xcassets; sourceTree = "<group>"; };
		A1000025000000000000001 /* Info.plist */ = {isa = PBXFileReference; lastKnownFileType = text.plist.xml; path = Info.plist; sourceTree = "<group>"; };
		A77582442F1941DB00614770 /* HistoryBuffer.swift */ = {isa = PBXFileReference; lastKnownFileType = sourcecode.swift; name = HistoryBuffer.swift; path = Utilities/HistoryBuffer.swift; sourceTree = "<group>"; };
		A77582452F1941DB00614770 /* StatsProvider.swift */ = {isa = PBXFileReference; lastKnownFileType = sourcecode.swift; name = StatsProvider.swift; path = Utilities/StatsProvider.swift; sourceTree = "<group>"; };
		A77582482F1941E700614770 /* AppleSiliconProvider.swift */ = {isa = PBXFileReference; lastKnownFileType = sourcecode.swift; path = AppleSiliconProvider.swift; sourceTree = "<group>"; };
		A77582492F1941E700614770 /* BatteryProvider.swift */ = {isa = PBXFileReference; lastKnownFileType = sourcecode.swift; path = BatteryProvider.swift; sourceTree = "<group>"; };
		A775824A2F1941E700614770 /* DiskProvider.swift */ = {isa = PBXFileReference; lastKnownFileType = sourcecode.swift; path = DiskProvider.swift; sourceTree = "<group>"; };
		A775824B2F1941E700614770 /* GPUProvider.swift */ = {isa = PBXFileReference; lastKnownFileType = sourcecode.swift; path = GPUProvider.swift; sourceTree = "<group>"; };
		A77582502F1941F200614770 /* SparklineView.swift */ = {isa = PBXFileReference; lastKnownFileType = sourcecode.swift; path = SparklineView.swift; sourceTree = "<group>"; };
		A77582532F19439600614770 /* NetworkMonitor.swift */ = {isa = PBXFileReference; lastKnownFileType = sourcecode.swift; path = NetworkMonitor.swift; sourceTree = "<group>"; };
		A77582552F1954C800614770 /* GlassComponents.swift */ = {isa = PBXFileReference; lastKnownFileType = sourcecode.swift; path = GlassComponents.swift; sourceTree = "<group>"; };
		A77582662F1969AB00614770 /* HostEditView.swift */ = {isa = PBXFileReference; lastKnownFileType = sourcecode.swift; path = HostEditView.swift; sourceTree = "<group>"; };
		A77582672F1969AB00614770 /* HostManagementView.swift */ = {isa = PBXFileReference; lastKnownFileType = sourcecode.swift; path = HostManagementView.swift; sourceTree = "<group>"; };
		A77582682F1969AB00614770 /* HostSelectorView.swift */ = {isa = PBXFileReference; lastKnownFileType = sourcecode.swift; path = HostSelectorView.swift; sourceTree = "<group>"; };
		A77582692F1969AB00614770 /* TestConnectionView.swift */ = {isa = PBXFileReference; lastKnownFileType = sourcecode.swift; path = TestConnectionView.swift; sourceTree = "<group>"; };
		A775826E2F1969C900614770 /* HostManager.swift */ = {isa = PBXFileReference; lastKnownFileType = sourcecode.swift; name = HostManager.swift; path = Managers/HostManager.swift; sourceTree = "<group>"; };
		A775826F2F1969C900614770 /* StatsCoordinator.swift */ = {isa = PBXFileReference; lastKnownFileType = sourcecode.swift; name = StatsCoordinator.swift; path = Managers/StatsCoordinator.swift; sourceTree = "<group>"; };
		A77582722F1969E100614770 /* Host.swift */ = {isa = PBXFileReference; lastKnownFileType = sourcecode.swift; name = Host.swift; path = Models/Host.swift; sourceTree = "<group>"; };
		A77582732F1969E100614770 /* LocalStatsSource.swift */ = {isa = PBXFileReference; lastKnownFileType = sourcecode.swift; name = LocalStatsSource.swift; path = Sources/LocalStatsSource.swift; sourceTree = "<group>"; };
		A77582742F1969E100614770 /* RemoteLinuxStats.swift */ = {isa = PBXFileReference; lastKnownFileType = sourcecode.swift; name = RemoteLinuxStats.swift; path = Models/RemoteLinuxStats.swift; sourceTree = "<group>"; };
		A77582752F1969E100614770 /* RemoteLinuxStatsSource.swift */ = {isa = PBXFileReference; lastKnownFileType = sourcecode.swift; name = RemoteLinuxStatsSource.swift; path = Sources/RemoteLinuxStatsSource.swift; sourceTree = "<group>"; };
		A77582762F1969E100614770 /* RemoteStatsClient.swift */ = {isa = PBXFileReference; lastKnownFileType = sourcecode.swift; name = RemoteStatsClient.swift; path = Network/RemoteStatsClient.swift; sourceTree = "<group>"; };
		A77582772F1969E100614770 /* StatsSource.swift */ = {isa = PBXFileReference; lastKnownFileType = sourcecode.swift; name = StatsSource.swift; path = Protocols/StatsSource.swift; sourceTree = "<group>"; };
		A775827E2F19703700614770 /* UnifiedStatsView.swift */ = {isa = PBXFileReference; lastKnownFileType = sourcecode.swift; path = UnifiedStatsView.swift; sourceTree = "<group>"; };
		A77582802F19708700614770 /* StatsCoordinator.swift */ = {isa = PBXFileReference; lastKnownFileType = sourcecode.swift; name = StatsCoordinator.swift; path = Managers/StatsCoordinator.swift; sourceTree = "<group>"; };
/* End PBXFileReference section */

/* Begin PBXFrameworksBuildPhase section */
		A1000026000000000000001 /* Frameworks */ = {
			isa = PBXFrameworksBuildPhase;
			buildActionMask = 2147483647;
			files = (
			);
			runOnlyForDeploymentPostprocessing = 0;
		};
/* End PBXFrameworksBuildPhase section */

/* Begin PBXGroup section */
		A1000027000000000000001 = {
			isa = PBXGroup;
			children = (
				A1000028000000000000001 /* MenuBarStats */,
				A1000029000000000000001 /* Products */,
			);
			sourceTree = "<group>";
		};
		A1000028000000000000001 /* MenuBarStats */ = {
			isa = PBXGroup;
			children = (
				A77582802F19708700614770 /* StatsCoordinator.swift */,
				A77582722F1969E100614770 /* Host.swift */,
				A77582732F1969E100614770 /* LocalStatsSource.swift */,
				A77582742F1969E100614770 /* RemoteLinuxStats.swift */,
				A77582752F1969E100614770 /* RemoteLinuxStatsSource.swift */,
				A77582762F1969E100614770 /* RemoteStatsClient.swift */,
				A77582772F1969E100614770 /* StatsSource.swift */,
				A775826E2F1969C900614770 /* HostManager.swift */,
				A775826F2F1969C900614770 /* StatsCoordinator.swift */,
				A77582442F1941DB00614770 /* HistoryBuffer.swift */,
				A77582452F1941DB00614770 /* StatsProvider.swift */,
				A1000002000000000000001 /* MenuBarStatsApp.swift */,
				A1000030000000000000001 /* Monitors */,
				A1000031000000000000001 /* Views */,
				A1000032000000000000001 /* Settings */,
				A1000024000000000000001 /* Assets.xcassets */,
				A1000025000000000000001 /* Info.plist */,
			);
			path = MenuBarStats;
			sourceTree = "<group>";
		};
		A1000029000000000000001 /* Products */ = {
			isa = PBXGroup;
			children = (
				A1000000000000000000001 /* MenuBarStats.app */,
			);
			name = Products;
			sourceTree = "<group>";
		};
		A1000030000000000000001 /* Monitors */ = {
			isa = PBXGroup;
			children = (
				A77582532F19439600614770 /* NetworkMonitor.swift */,
				A77582482F1941E700614770 /* AppleSiliconProvider.swift */,
				A77582492F1941E700614770 /* BatteryProvider.swift */,
				A775824A2F1941E700614770 /* DiskProvider.swift */,
				A775824B2F1941E700614770 /* GPUProvider.swift */,
				A1000004000000000000001 /* SystemMonitor.swift */,
				A1000008000000000000001 /* StorageMonitor.swift */,
				A1000010000000000000001 /* MemoryMonitor.swift */,
				A1000012000000000000001 /* CPUMonitor.swift */,
				A1000014000000000000001 /* TemperatureMonitor.swift */,
				A1000016000000000000001 /* PortMonitor.swift */,
			);
			path = Monitors;
			sourceTree = "<group>";
		};
		A1000031000000000000001 /* Views */ = {
			isa = PBXGroup;
			children = (
				A775827E2F19703700614770 /* UnifiedStatsView.swift */,
				A77582662F1969AB00614770 /* HostEditView.swift */,
				A77582672F1969AB00614770 /* HostManagementView.swift */,
				A77582682F1969AB00614770 /* HostSelectorView.swift */,
				A77582692F1969AB00614770 /* TestConnectionView.swift */,
				A77582552F1954C800614770 /* GlassComponents.swift */,
				A77582502F1941F200614770 /* SparklineView.swift */,
				A1000018000000000000001 /* MenuBarView.swift */,
				A1000020000000000000001 /* SettingsView.swift */,
			);
			path = Views;
			sourceTree = "<group>";
		};
		A1000032000000000000001 /* Settings */ = {
			isa = PBXGroup;
			children = (
				A1000022000000000000001 /* UserSettings.swift */,
			);
			path = Settings;
			sourceTree = "<group>";
		};
/* End PBXGroup section */

/* Begin PBXNativeTarget section */
		A1000033000000000000001 /* MenuBarStats */ = {
			isa = PBXNativeTarget;
			buildConfigurationList = A1000034000000000000001 /* Build configuration list for PBXNativeTarget "MenuBarStats" */;
			buildPhases = (
				A1000035000000000000001 /* Sources */,
				A1000026000000000000001 /* Frameworks */,
				A1000036000000000000001 /* Resources */,
			);
			buildRules = (
			);
			dependencies = (
			);
			name = MenuBarStats;
			productName = MenuBarStats;
			productReference = A1000000000000000000001 /* MenuBarStats.app */;
			productType = "com.apple.product-type.application";
		};
/* End PBXNativeTarget section */

/* Begin PBXProject section */
		A1000037000000000000001 /* Project object */ = {
			isa = PBXProject;
			attributes = {
				BuildIndependentTargetsInParallel = 1;
				LastSwiftUpdateCheck = 1500;
				LastUpgradeCheck = 1500;
				TargetAttributes = {
					A1000033000000000000001 = {
						CreatedOnToolsVersion = 15.0;
					};
				};
			};
			buildConfigurationList = A1000038000000000000001 /* Build configuration list for PBXProject "MenuBarStats" */;
			compatibilityVersion = "Xcode 14.0";
			developmentRegion = en;
			hasScannedForEncodings = 0;
			knownRegions = (
				en,
				Base,
			);
			mainGroup = A1000027000000000000001;
			productRefGroup = A1000029000000000000001 /* Products */;
			projectDirPath = "";
			projectRoot = "";
			targets = (
				A1000033000000000000001 /* MenuBarStats */,
			);
		};
/* End PBXProject section */

/* Begin PBXResourcesBuildPhase section */
		A1000036000000000000001 /* Resources */ = {
			isa = PBXResourcesBuildPhase;
			buildActionMask = 2147483647;
			files = (
			);
			runOnlyForDeploymentPostprocessing = 0;
		};
/* End PBXResourcesBuildPhase section */

/* Begin PBXSourcesBuildPhase section */
		A1000035000000000000001 /* Sources */ = {
			isa = PBXSourcesBuildPhase;
			buildActionMask = 2147483647;
			files = (
				A77582782F1969E100614770 /* RemoteStatsClient.swift in Sources */,
				A77582792F1969E100614770 /* StatsSource.swift in Sources */,
				A775827A2F1969E100614770 /* LocalStatsSource.swift in Sources */,
				A775827B2F1969E100614770 /* Host.swift in Sources */,
				A775827C2F1969E100614770 /* RemoteLinuxStats.swift in Sources */,
				A775827D2F1969E100614770 /* RemoteLinuxStatsSource.swift in Sources */,
				A77582512F1941F200614770 /* SparklineView.swift in Sources */,
				A77582702F1969C900614770 /* HostManager.swift in Sources */,
				A77582712F1969C900614770 /* StatsCoordinator.swift in Sources */,
				A1000001000000000000001 /* MenuBarStatsApp.swift in Sources */,
				A1000003000000000000001 /* SystemMonitor.swift in Sources */,
				A1000007000000000000001 /* StorageMonitor.swift in Sources */,
				A775824C2F1941E700614770 /* DiskProvider.swift in Sources */,
				A775824D2F1941E700614770 /* GPUProvider.swift in Sources */,
				A775824E2F1941E700614770 /* AppleSiliconProvider.swift in Sources */,
				A77582542F19439600614770 /* NetworkMonitor.swift in Sources */,
				A77582562F1954C800614770 /* GlassComponents.swift in Sources */,
				A775824F2F1941E700614770 /* BatteryProvider.swift in Sources */,
				A77582462F1941DB00614770 /* HistoryBuffer.swift in Sources */,
				A77582472F1941DB00614770 /* StatsProvider.swift in Sources */,
				A1000009000000000000001 /* MemoryMonitor.swift in Sources */,
				A1000011000000000000001 /* CPUMonitor.swift in Sources */,
				A775826A2F1969AB00614770 /* TestConnectionView.swift in Sources */,
				A775826B2F1969AB00614770 /* HostEditView.swift in Sources */,
				A775826C2F1969AB00614770 /* HostSelectorView.swift in Sources */,
				A775826D2F1969AB00614770 /* HostManagementView.swift in Sources */,
				A1000013000000000000001 /* TemperatureMonitor.swift in Sources */,
				A77582812F19708700614770 /* StatsCoordinator.swift in Sources */,
				A1000015000000000000001 /* PortMonitor.swift in Sources */,
				A1000017000000000000001 /* MenuBarView.swift in Sources */,
				A1000019000000000000001 /* SettingsView.swift in Sources */,
				A1000021000000000000001 /* UserSettings.swift in Sources */,
				A775827F2F19703700614770 /* UnifiedStatsView.swift in Sources */,
			);
			runOnlyForDeploymentPostprocessing = 0;
		};
/* End PBXSourcesBuildPhase section */

/* Begin XCBuildConfiguration section */
		A1000039000000000000001 /* Debug */ = {
			isa = XCBuildConfiguration;
			buildSettings = {
				ALWAYS_SEARCH_USER_PATHS = NO;
				ASSETCATALOG_COMPILER_GENERATE_SWIFT_ASSET_SYMBOL_EXTENSIONS = YES;
				CLANG_ANALYZER_NONNULL = YES;
				CLANG_ANALYZER_NUMBER_OBJECT_CONVERSION = YES_AGGRESSIVE;
				CLANG_CXX_LANGUAGE_STANDARD = "gnu++20";
				CLANG_ENABLE_MODULES = YES;
				CLANG_ENABLE_OBJC_ARC = YES;
				CLANG_ENABLE_OBJC_WEAK = YES;
				CLANG_WARN_BLOCK_CAPTURE_AUTORELEASING = YES;
				CLANG_WARN_BOOL_CONVERSION = YES;
				CLANG_WARN_COMMA = YES;
				CLANG_WARN_CONSTANT_CONVERSION = YES;
				CLANG_WARN_DEPRECATED_OBJC_IMPLEMENTATIONS = YES;
				CLANG_WARN_DIRECT_OBJC_ISA_USAGE = YES_ERROR;
				CLANG_WARN_DOCUMENTATION_COMMENTS = YES;
				CLANG_WARN_EMPTY_BODY = YES;
				CLANG_WARN_ENUM_CONVERSION = YES;
				CLANG_WARN_INFINITE_RECURSION = YES;
				CLANG_WARN_INT_CONVERSION = YES;
				CLANG_WARN_NON_LITERAL_NULL_CONVERSION = YES;
				CLANG_WARN_OBJC_IMPLICIT_RETAIN_SELF = YES;
				CLANG_WARN_OBJC_LITERAL_CONVERSION = YES;
				CLANG_WARN_OBJC_ROOT_CLASS = YES_ERROR;
				CLANG_WARN_QUOTED_INCLUDE_IN_FRAMEWORK_HEADER = YES;
				CLANG_WARN_RANGE_LOOP_ANALYSIS = YES;
				CLANG_WARN_STRICT_PROTOTYPES = YES;
				CLANG_WARN_SUSPICIOUS_MOVE = YES;
				CLANG_WARN_UNGUARDED_AVAILABILITY = YES_AGGRESSIVE;
				CLANG_WARN_UNREACHABLE_CODE = YES;
				CLANG_WARN__DUPLICATE_METHOD_MATCH = YES;
				COPY_PHASE_STRIP = NO;
				DEBUG_INFORMATION_FORMAT = dwarf;
				ENABLE_STRICT_OBJC_MSGSEND = YES;
				ENABLE_TESTABILITY = YES;
				ENABLE_USER_SCRIPT_SANDBOXING = YES;
				GCC_C_LANGUAGE_STANDARD = gnu17;
				GCC_DYNAMIC_NO_PIC = NO;
				GCC_NO_COMMON_BLOCKS = YES;
				GCC_OPTIMIZATION_LEVEL = 0;
				GCC_PREPROCESSOR_DEFINITIONS = (
					"DEBUG=1",
					"$(inherited)",
				);
				GCC_WARN_64_TO_32_BIT_CONVERSION = YES;
				GCC_WARN_ABOUT_RETURN_TYPE = YES_ERROR;
				GCC_WARN_UNDECLARED_SELECTOR = YES;
				GCC_WARN_UNINITIALIZED_AUTOS = YES_AGGRESSIVE;
				GCC_WARN_UNUSED_FUNCTION = YES;
				GCC_WARN_UNUSED_VARIABLE = YES;
				LOCALIZATION_PREFERS_STRING_CATALOGS = YES;
				MACOSX_DEPLOYMENT_TARGET = 13.0;
				MTL_ENABLE_DEBUG_INFO = INCLUDE_SOURCE;
				MTL_FAST_MATH = YES;
				ONLY_ACTIVE_ARCH = YES;
				SDKROOT = macosx;
				SWIFT_ACTIVE_COMPILATION_CONDITIONS = "DEBUG $(inherited)";
				SWIFT_OPTIMIZATION_LEVEL = "-Onone";
			};
			name = Debug;
		};
		A1000040000000000000001 /* Release */ = {
			isa = XCBuildConfiguration;
			buildSettings = {
				ALWAYS_SEARCH_USER_PATHS = NO;
				ASSETCATALOG_COMPILER_GENERATE_SWIFT_ASSET_SYMBOL_EXTENSIONS = YES;
				CLANG_ANALYZER_NONNULL = YES;
				CLANG_ANALYZER_NUMBER_OBJECT_CONVERSION = YES_AGGRESSIVE;
				CLANG_CXX_LANGUAGE_STANDARD = "gnu++20";
				CLANG_ENABLE_MODULES = YES;
				CLANG_ENABLE_OBJC_ARC = YES;
				CLANG_ENABLE_OBJC_WEAK = YES;
				CLANG_WARN_BLOCK_CAPTURE_AUTORELEASING = YES;
				CLANG_WARN_BOOL_CONVERSION = YES;
				CLANG_WARN_COMMA = YES;
				CLANG_WARN_CONSTANT_CONVERSION = YES;
				CLANG_WARN_DEPRECATED_OBJC_IMPLEMENTATIONS = YES;
				CLANG_WARN_DIRECT_OBJC_ISA_USAGE = YES_ERROR;
				CLANG_WARN_DOCUMENTATION_COMMENTS = YES;
				CLANG_WARN_EMPTY_BODY = YES;
				CLANG_WARN_ENUM_CONVERSION = YES;
				CLANG_WARN_INFINITE_RECURSION = YES;
				CLANG_WARN_INT_CONVERSION = YES;
				CLANG_WARN_NON_LITERAL_NULL_CONVERSION = YES;
				CLANG_WARN_OBJC_IMPLICIT_RETAIN_SELF = YES;
				CLANG_WARN_OBJC_LITERAL_CONVERSION = YES;
				CLANG_WARN_OBJC_ROOT_CLASS = YES_ERROR;
				CLANG_WARN_QUOTED_INCLUDE_IN_FRAMEWORK_HEADER = YES;
				CLANG_WARN_RANGE_LOOP_ANALYSIS = YES;
				CLANG_WARN_STRICT_PROTOTYPES = YES;
				CLANG_WARN_SUSPICIOUS_MOVE = YES;
				CLANG_WARN_UNGUARDED_AVAILABILITY = YES_AGGRESSIVE;
				CLANG_WARN_UNREACHABLE_CODE = YES;
				CLANG_WARN__DUPLICATE_METHOD_MATCH = YES;
				COPY_PHASE_STRIP = NO;
				DEBUG_INFORMATION_FORMAT = "dwarf-with-dsym";
				ENABLE_NS_ASSERTIONS = NO;
				ENABLE_STRICT_OBJC_MSGSEND = YES;
				ENABLE_USER_SCRIPT_SANDBOXING = YES;
				GCC_C_LANGUAGE_STANDARD = gnu17;
				GCC_NO_COMMON_BLOCKS = YES;
				GCC_WARN_64_TO_32_BIT_CONVERSION = YES;
				GCC_WARN_ABOUT_RETURN_TYPE = YES_ERROR;
				GCC_WARN_UNDECLARED_SELECTOR = YES;
				GCC_WARN_UNINITIALIZED_AUTOS = YES_AGGRESSIVE;
				GCC_WARN_UNUSED_FUNCTION = YES;
				GCC_WARN_UNUSED_VARIABLE = YES;
				LOCALIZATION_PREFERS_STRING_CATALOGS = YES;
				MACOSX_DEPLOYMENT_TARGET = 13.0;
				MTL_ENABLE_DEBUG_INFO = NO;
				MTL_FAST_MATH = YES;
				SDKROOT = macosx;
				SWIFT_COMPILATION_MODE = wholemodule;
			};
			name = Release;
		};
		A1000041000000000000001 /* Debug */ = {
			isa = XCBuildConfiguration;
			buildSettings = {
				ASSETCATALOG_COMPILER_APPICON_NAME = AppIcon;
				ASSETCATALOG_COMPILER_GLOBAL_ACCENT_COLOR_NAME = AccentColor;
				CODE_SIGN_ENTITLEMENTS = MenuBarStats/MenuBarStats.entitlements;
				CODE_SIGN_STYLE = Automatic;
				COMBINE_HIDPI_IMAGES = YES;
				CURRENT_PROJECT_VERSION = 1;
				DEVELOPMENT_ASSET_PATHS = "";
				ENABLE_PREVIEWS = YES;
				GENERATE_INFOPLIST_FILE = NO;
				INFOPLIST_FILE = MenuBarStats/Info.plist;
				INFOPLIST_KEY_LSUIElement = YES;
				INFOPLIST_KEY_NSHumanReadableCopyright = "";
				LD_RUNPATH_SEARCH_PATHS = (
					"$(inherited)",
					"@executable_path/../Frameworks",
				);
				MACOSX_DEPLOYMENT_TARGET = 14.0;
				MARKETING_VERSION = 1.0;
				PRODUCT_BUNDLE_IDENTIFIER = com.menubarstats.MenuBarStats;
				PRODUCT_NAME = "$(TARGET_NAME)";
				SWIFT_EMIT_LOC_STRINGS = YES;
				SWIFT_VERSION = 5.0;
			};
			name = Debug;
		};
		A1000042000000000000001 /* Release */ = {
			isa = XCBuildConfiguration;
			buildSettings = {
				ASSETCATALOG_COMPILER_APPICON_NAME = AppIcon;
				ASSETCATALOG_COMPILER_GLOBAL_ACCENT_COLOR_NAME = AccentColor;
				CODE_SIGN_ENTITLEMENTS = MenuBarStats/MenuBarStats.entitlements;
				CODE_SIGN_STYLE = Automatic;
				COMBINE_HIDPI_IMAGES = YES;
				CURRENT_PROJECT_VERSION = 1;
				DEVELOPMENT_ASSET_PATHS = "";
				ENABLE_PREVIEWS = YES;
				GENERATE_INFOPLIST_FILE = NO;
				INFOPLIST_FILE = MenuBarStats/Info.plist;
				INFOPLIST_KEY_LSUIElement = YES;
				INFOPLIST_KEY_NSHumanReadableCopyright = "";
				LD_RUNPATH_SEARCH_PATHS = (
					"$(inherited)",
					"@executable_path/../Frameworks",
				);
				MACOSX_DEPLOYMENT_TARGET = 14.0;
				MARKETING_VERSION = 1.0;
				PRODUCT_BUNDLE_IDENTIFIER = com.menubarstats.MenuBarStats;
				PRODUCT_NAME = "$(TARGET_NAME)";
				SWIFT_EMIT_LOC_STRINGS = YES;
				SWIFT_VERSION = 5.0;
			};
			name = Release;
		};
/* End XCBuildConfiguration section */

/* Begin XCConfigurationList section */
		A1000034000000000000001 /* Build configuration list for PBXNativeTarget "MenuBarStats" */ = {
			isa = XCConfigurationList;
			buildConfigurations = (
				A1000041000000000000001 /* Debug */,
				A1000042000000000000001 /* Release */,
			);
			defaultConfigurationIsVisible = 0;
			defaultConfigurationName = Release;
		};
		A1000038000000000000001 /* Build configuration list for PBXProject "MenuBarStats" */ = {
			isa = XCConfigurationList;
			buildConfigurations = (
				A1000039000000000000001 /* Debug */,
				A1000040000000000000001 /* Release */,
			);
			defaultConfigurationIsVisible = 0;
			defaultConfigurationName = Release;
		};
/* End XCConfigurationList section */
	};
	rootObject = A1000037000000000000001 /* Project object */;
}
